
Microsoft Visual Studio Solution File, Format Version 12.00
# Visual Studio Version 17
VisualStudioVersion = 17.7.34031.279
MinimumVisualStudioVersion = 10.0.40219.1
Project("{FAE04EC0-301F-11D3-BF4B-00C04F79EFBC}") = "Fallout_Follies", "Fallout_Follies\Fallout_Follies.csproj", "{0832C069-C5C3-4C63-8869-C9C3FD1E6845}"
EndProject
Global
	GlobalSection(SolutionConfigurationPlatforms) = preSolution
		Debug|Any CPU = Debug|Any CPU
		Release|Any CPU = Release|Any CPU
	EndGlobalSection
	GlobalSection(ProjectConfigurationPlatforms) = postSolution
		{0832C069-C5C3-4C63-8869-C9C3FD1E6845}.Debug|Any CPU.ActiveCfg = Debug|Any CPU
		{0832C069-C5C3-4C63-8869-C9C3FD1E6845}.Debug|Any CPU.Build.0 = Debug|Any CPU
		{0832C069-C5C3-4C63-8869-C9C3FD1E6845}.Release|Any CPU.ActiveCfg = Release|Any CPU
		{0832C069-C5C3-4C63-8869-C9C3FD1E6845}.Release|Any CPU.Build.0 = Release|Any CPU
	EndGlobalSection
	GlobalSection(SolutionProperties) = preSolution
		HideSolutionNode = FALSE
	EndGlobalSection
	GlobalSection(ExtensibilityGlobals) = postSolution
		SolutionGuid = {AFB0BF86-BC09-498F-8F4D-C552F3D58811}
	EndGlobalSection
EndGlobal
